
Microsoft Visual Studio Solution File, Format Version 12.00
# Visual Studio Version 17
VisualStudioVersion = 17.0.32112.339
MinimumVisualStudioVersion = 10.0.40219.1
Project("{FAE04EC0-301F-11D3-BF4B-00C04F79EFBC}") = "FinalTheEnd", "FinalTheEnd\FinalTheEnd.csproj", "{EA6110D7-CCD2-4562-BF75-F0B875558840}"
EndProject
Global
	GlobalSection(SolutionConfigurationPlatforms) = preSolution
		Debug|Any CPU = Debug|Any CPU
		Release|Any CPU = Release|Any CPU
	EndGlobalSection
	GlobalSection(ProjectConfigurationPlatforms) = postSolution
		{EA6110D7-CCD2-4562-BF75-F0B875558840}.Debug|Any CPU.ActiveCfg = Debug|Any CPU
		{EA6110D7-CCD2-4562-BF75-F0B875558840}.Debug|Any CPU.Build.0 = Debug|Any CPU
		{EA6110D7-CCD2-4562-BF75-F0B875558840}.Release|Any CPU.ActiveCfg = Release|Any CPU
		{EA6110D7-CCD2-4562-BF75-F0B875558840}.Release|Any CPU.Build.0 = Release|Any CPU
	EndGlobalSection
	GlobalSection(SolutionProperties) = preSolution
		HideSolutionNode = FALSE
	EndGlobalSection
	GlobalSection(ExtensibilityGlobals) = postSolution
		SolutionGuid = {B1BE7F1F-41F6-444C-BDFC-C4B16AC51980}
	EndGlobalSection
EndGlobal
